Microsoft Visual Studio Solution File, Format Version 12.00
# Visual Studio Version 17
VisualStudioVersion = 17.5.2.0
MinimumVisualStudioVersion = 10.0.40219.1
Project("{FAE04EC0-301F-11D3-BF4B-00C04F79EFBC}") = "DaadModern", "DaadModern.csproj", "{FD94A008-B8C6-39F5-1B94-F7AEB77C9AB3}"
EndProject
Global
	GlobalSection(SolutionConfigurationPlatforms) = preSolution
		Debug|Any CPU = Debug|Any CPU
		Release|Any CPU = Release|Any CPU
	EndGlobalSection
	GlobalSection(ProjectConfigurationPlatforms) = postSolution
		{FD94A008-B8C6-39F5-1B94-F7AEB77C9AB3}.Debug|Any CPU.ActiveCfg = Debug|Any CPU
		{FD94A008-B8C6-39F5-1B94-F7AEB77C9AB3}.Debug|Any CPU.Build.0 = Debug|Any CPU
		{FD94A008-B8C6-39F5-1B94-F7AEB77C9AB3}.Release|Any CPU.ActiveCfg = Release|Any CPU
		{FD94A008-B8C6-39F5-1B94-F7AEB77C9AB3}.Release|Any CPU.Build.0 = Release|Any CPU
	EndGlobalSection
	GlobalSection(SolutionProperties) = preSolution
		HideSolutionNode = FALSE
	EndGlobalSection
	GlobalSection(ExtensibilityGlobals) = postSolution
		SolutionGuid = {90D56072-CE52-48DF-B38B-6C9D33D41FE2}
	EndGlobalSection
EndGlobal
